
Microsoft Visual Studio Solution File, Format Version 12.00
# Visual Studio 15
VisualStudioVersion = 15.0.27130.2027
MinimumVisualStudioVersion = 10.0.40219.1
Project("{FAE04EC0-301F-11D3-BF4B-00C04F79EFBC}") = "addressbook_web_tests", "addressbook_web_tests\addressbook_web_tests.csproj", "{1FC22394-395B-47A0-B5C5-5714D595FA46}"
EndProject
Global
	GlobalSection(SolutionConfigurationPlatforms) = preSolution
		Debug|Any CPU = Debug|Any CPU
		Release|Any CPU = Release|Any CPU
	EndGlobalSection
	GlobalSection(ProjectConfigurationPlatforms) = postSolution
		{1FC22394-395B-47A0-B5C5-5714D595FA46}.Debug|Any CPU.ActiveCfg = Debug|Any CPU
		{1FC22394-395B-47A0-B5C5-5714D595FA46}.Debug|Any CPU.Build.0 = Debug|Any CPU
		{1FC22394-395B-47A0-B5C5-5714D595FA46}.Release|Any CPU.ActiveCfg = Release|Any CPU
		{1FC22394-395B-47A0-B5C5-5714D595FA46}.Release|Any CPU.Build.0 = Release|Any CPU
	EndGlobalSection
	GlobalSection(SolutionProperties) = preSolution
		HideSolutionNode = FALSE
	EndGlobalSection
	GlobalSection(ExtensibilityGlobals) = postSolution
		SolutionGuid = {14BD86C3-C144-4027-A832-6EEA02DEE086}
	EndGlobalSection
EndGlobal
